// !$*UTF8*$!
{
	archiveVersion = 1;
	classes = {
	};
	objectVersion = 46;
	objects = {

/* Begin PBXBuildFile section */
		8449238819C4DCF600DF8122 /* AppDelegate.swift in Sources */ = {isa = PBXBuildFile; fileRef = 8449238719C4DCF600DF8122 /* AppDelegate.swift */; };
		8449238A19C4DCF600DF8122 /* ViewController.swift in Sources */ = {isa = PBXBuildFile; fileRef = 8449238919C4DCF600DF8122 /* ViewController.swift */; };
		8449238D19C4DCF600DF8122 /* Main.storyboard in Resources */ = {isa = PBXBuildFile; fileRef = 8449238B19C4DCF600DF8122 /* Main.storyboard */; };
		8449238F19C4DCF600DF8122 /* ".xcassets in Resources */ = {isa = PBXBuildFile; fileRef = 8449238E19C4DCF600DF8122 /* ".xcassets */; };
		8449239219C4DCF600DF8122 /* LaunchScreen.xib in Resources */ = {isa = PBXBuildFile; fileRef = 8449239019C4DCF600DF8122 /* LaunchScreen.xib */; };
		8449239E19C4DCF600DF8122 /* PostcardTests.swift in Sources */ = {isa = PBXBuildFile; fileRef = 8449239D19C4DCF600DF8122 /* PostcardTests.swift */; };
		844923A819C4F01000DF8122 /* SagradaFamilia.jpeg in Resources */ = {isa = PBXBuildFile; fileRef = 844923A719C4F01000DF8122 /* SagradaFamilia.jpeg */; };
		844923AA19C4F5E600DF8122 /* AlbertEinsteinStamp.jpg in Resources */ = {isa = PBXBuildFile; fileRef = 844923A919C4F5E600DF8122 /* AlbertEinsteinStamp.jpg */; };
/* End PBXBuildFile section */

/* Begin PBXContainerItemProxy section */
		8449239819C4DCF600DF8122 /* PBXContainerItemProxy */ = {
			isa = PBXContainerItemProxy;
			containerPortal = 8449237A19C4DCF600DF8122 /* Project object */;
			proxyType = 1;
			remoteGlobalIDString = 8449238119C4DCF600DF8122;
			remoteInfo = Postcard;
		};
/* End PBXContainerItemProxy section */

/* Begin PBXFileReference section */
		8449238219C4DCF600DF8122 /* Postcard.app */ = {isa = PBXFileReference; explicitFileType = wrapper.application; includeInIndex = 0; path = Postcard.app; sourceTree = BUILT_PRODUCTS_DIR; };
		8449238619C4DCF600DF8122 /* Info.plist */ = {isa = PBXFileReference; lastKnownFileType = text.plist.xml; path = Info.plist; sourceTree = "<group>"; };
		8449238719C4DCF600DF8122 /* AppDelegate.swift */ = {isa = PBXFileReference; lastKnownFileType = sourcecode.swift; path = AppDelegate.swift; sourceTree = "<group>"; };
		8449238919C4DCF600DF8122 /* ViewController.swift */ = {isa = PBXFileReference; lastKnownFileType = sourcecode.swift; path = ViewController.swift; sourceTree = "<group>"; };
		8449238C19C4DCF600DF8122 /* Base */ = {isa = PBXFileReference; lastKnownFileType = file.storyboard; name = Base; path = Base.lproj/Main.storyboard; sourceTree = "<group>"; };
		8449238E19C4DCF600DF8122 /* ".xcassets */ = {isa = PBXFileReference; lastKnownFileType = folder.assetcatalog; path = "\".xcassets"; sourceTree = "<group>"; };
		8449239119C4DCF600DF8122 /* Base */ = {isa = PBXFileReference; lastKnownFileType = file.xib; name = Base; path = Base.lproj/LaunchScreen.xib; sourceTree = "<group>"; };
		8449239719C4DCF600DF8122 /* PostcardTests.xctest */ = {isa = PBXFileReference; explicitFileType = wrapper.cfbundle; includeInIndex = 0; path = PostcardTests.xctest; sourceTree = BUILT_PRODUCTS_DIR; };
		8449239C19C4DCF600DF8122 /* Info.plist */ = {isa = PBXFileReference; lastKnownFileType = text.plist.xml; path = Info.plist; sourceTree = "<group>"; };
		8449239D19C4DCF600DF8122 /* PostcardTests.swift */ = {isa = PBXFileReference; lastKnownFileType = sourcecode.swift; path = PostcardTests.swift; sourceTree = "<group>"; };
		844923A719C4F01000DF8122 /* SagradaFamilia.jpeg */ = {isa = PBXFileReference; lastKnownFileType = image.jpeg; path = SagradaFamilia.jpeg; sourceTree = "<group>"; };
		844923A919C4F5E600DF8122 /* AlbertEinsteinStamp.jpg */ = {isa = PBXFileReference; lastKnownFileType = image.jpeg; path = AlbertEinsteinStamp.jpg; sourceTree = "<group>"; };
/* End PBXFileReference section */

/* Begin PBXFrameworksBuildPhase section */
		8449237F19C4DCF600DF8122 /* Frameworks */ = {
			isa = PBXFrameworksBuildPhase;
			buildActionMask = 2147483647;
			files = (
			);
			runOnlyForDeploymentPostprocessing = 0;
		};
		8449239419C4DCF600DF8122 /* Frameworks */ = {
			isa = PBXFrameworksBuildPhase;
			buildActionMask = 2147483647;
			files = (
			);
			runOnlyForDeploymentPostprocessing = 0;
		};
/* End PBXFrameworksBuildPhase section */

/* Begin PBXGroup section */
		8449237919C4DCF600DF8122 = {
			isa = PBXGroup;
			children = (
				8449238419C4DCF600DF8122 /* Postcard */,
				8449239A19C4DCF600DF8122 /* PostcardTests */,
				8449238319C4DCF600DF8122 /* Products */,
			);
			sourceTree = "<group>";
		};
		8449238319C4DCF600DF8122 /* Products */ = {
			isa = PBXGroup;
			children = (
				8449238219C4DCF600DF8122 /* Postcard.app */,
				8449239719C4DCF600DF8122 /* PostcardTests.xctest */,
			);
			name = Products;
			sourceTree = "<group>";
		};
		8449238419C4DCF600DF8122 /* Postcard */ = {
			isa = PBXGroup;
			children = (
				8449238719C4DCF600DF8122 /* AppDelegate.swift */,
				8449238919C4DCF600DF8122 /* ViewController.swift */,
				8449238B19C4DCF600DF8122 /* Main.storyboard */,
				8449238E19C4DCF600DF8122 /* ".xcassets */,
				8449239019C4DCF600DF8122 /* LaunchScreen.xib */,
				8449238519C4DCF600DF8122 /* Supporting Files */,
			);
			path = Postcard;
			sourceTree = "<group>";
		};
		8449238519C4DCF600DF8122 /* Supporting Files */ = {
			isa = PBXGroup;
			children = (
				844923A919C4F5E600DF8122 /* AlbertEinsteinStamp.jpg */,
				844923A719C4F01000DF8122 /* SagradaFamilia.jpeg */,
				8449238619C4DCF600DF8122 /* Info.plist */,
			);
			name = "Supporting Files";
			sourceTree = "<group>";
		};
		8449239A19C4DCF600DF8122 /* PostcardTests */ = {
			isa = PBXGroup;
			children = (
				8449239D19C4DCF600DF8122 /* PostcardTests.swift */,
				8449239B19C4DCF600DF8122 /* Supporting Files */,
			);
			path = PostcardTests;
			sourceTree = "<group>";
		};
		8449239B19C4DCF600DF8122 /* Supporting Files */ = {
			isa = PBXGroup;
			children = (
				8449239C19C4DCF600DF8122 /* Info.plist */,
			);
			name = "Supporting Files";
			sourceTree = "<group>";
		};
/* End PBXGroup section */

/* Begin PBXNativeTarget section */
		8449238119C4DCF600DF8122 /* Postcard */ = {
			isa = PBXNativeTarget;
			buildConfigurationList = 844923A119C4DCF600DF8122 /* Build configuration list for PBXNativeTarget "Postcard" */;
			buildPhases = (
				8449237E19C4DCF600DF8122 /* Sources */,
				8449237F19C4DCF600DF8122 /* Frameworks */,
				8449238019C4DCF600DF8122 /* Resources */,
			);
			buildRules = (
			);
			dependencies = (
			);
			name = Postcard;
			productName = Postcard;
			productReference = 8449238219C4DCF600DF8122 /* Postcard.app */;
			productType = "com.apple.product-type.application";
		};
		8449239619C4DCF600DF8122 /* PostcardTests */ = {
			isa = PBXNativeTarget;
			buildConfigurationList = 844923A419C4DCF600DF8122 /* Build configuration list for PBXNativeTarget "PostcardTests" */;
			buildPhases = (
				8449239319C4DCF600DF8122 /* Sources */,
				8449239419C4DCF600DF8122 /* Frameworks */,
				8449239519C4DCF600DF8122 /* Resources */,
			);
			buildRules = (
			);
			dependencies = (
				8449239919C4DCF600DF8122 /* PBXTargetDependency */,
			);
			name = PostcardTests;
			productName = PostcardTests;
			productReference = 8449239719C4DCF600DF8122 /* PostcardTests.xctest */;
			productType = "com.apple.product-type.bundle.unit-test";
		};
/* End PBXNativeTarget section */

/* Begin PBXProject section */
		8449237A19C4DCF600DF8122 /* Project object */ = {
			isa = PBXProject;
			attributes = {
				LastUpgradeCheck = 0600;
				ORGANIZATIONNAME = KTKTC;
				TargetAttributes = {
					8449238119C4DCF600DF8122 = {
						CreatedOnToolsVersion = 6.0;
					};
					8449239619C4DCF600DF8122 = {
						CreatedOnToolsVersion = 6.0;
						TestTargetID = 8449238119C4DCF600DF8122;
					};
				};
			};
			buildConfigurationList = 8449237D19C4DCF600DF8122 /* Build configuration list for PBXProject "Postcard" */;
			compatibilityVersion = "Xcode 3.2";
			developmentRegion = English;
			hasScannedForEncodings = 0;
			knownRegions = (
				en,
				Base,
			);
			mainGroup = 8449237919C4DCF600DF8122;
			productRefGroup = 8449238319C4DCF600DF8122 /* Products */;
			projectDirPath = "";
			projectRoot = "";
			targets = (
				8449238119C4DCF600DF8122 /* Postcard */,
				8449239619C4DCF600DF8122 /* PostcardTests */,
			);
		};
/* End PBXProject section */

/* Begin PBXResourcesBuildPhase section */
		8449238019C4DCF600DF8122 /* Resources */ = {
			isa = PBXResourcesBuildPhase;
			buildActionMask = 2147483647;
			files = (
				8449238D19C4DCF600DF8122 /* Main.storyboard in Resources */,
				844923A819C4F01000DF8122 /* SagradaFamilia.jpeg in Resources */,
				844923AA19C4F5E600DF8122 /* AlbertEinsteinStamp.jpg in Resources */,
				8449239219C4DCF600DF8122 /* LaunchScreen.xib in Resources */,
				8449238F19C4DCF600DF8122 /* ".xcassets in Resources */,
			);
			runOnlyForDeploymentPostprocessing = 0;
		};
		8449239519C4DCF600DF8122 /* Resources */ = {
			isa = PBXResourcesBuildPhase;
			buildActionMask = 2147483647;
			files = (
			);
			runOnlyForDeploymentPostprocessing = 0;
		};
/* End PBXResourcesBuildPhase section */

/* Begin PBXSourcesBuildPhase section */
		8449237E19C4DCF600DF8122 /* Sources */ = {
			isa = PBXSourcesBuildPhase;
			buildActionMask = 2147483647;
			files = (
				8449238A19C4DCF600DF8122 /* ViewController.swift in Sources */,
				8449238819C4DCF600DF8122 /* AppDelegate.swift in Sources */,
			);
			runOnlyForDeploymentPostprocessing = 0;
		};
		8449239319C4DCF600DF8122 /* Sources */ = {
			isa = PBXSourcesBuildPhase;
			buildActionMask = 2147483647;
			files = (
				8449239E19C4DCF600DF8122 /* PostcardTests.swift in Sources */,
			);
			runOnlyForDeploymentPostprocessing = 0;
		};
/* End PBXSourcesBuildPhase section */

/* Begin PBXTargetDependency section */
		8449239919C4DCF600DF8122 /* PBXTargetDependency */ = {
			isa = PBXTargetDependency;
			target = 8449238119C4DCF600DF8122 /* Postcard */;
			targetProxy = 8449239819C4DCF600DF8122 /* PBXContainerItemProxy */;
		};
/* End PBXTargetDependency section */

/* Begin PBXVariantGroup section */
		8449238B19C4DCF600DF8122 /* Main.storyboard */ = {
			isa = PBXVariantGroup;
			children = (
				8449238C19C4DCF600DF8122 /* Base */,
			);
			name = Main.storyboard;
			sourceTree = "<group>";
		};
		8449239019C4DCF600DF8122 /* LaunchScreen.xib */ = {
			isa = PBXVariantGroup;
			children = (
				8449239119C4DCF600DF8122 /* Base */,
			);
			name = LaunchScreen.xib;
			sourceTree = "<group>";
		};
/* End PBXVariantGroup section */

/* Begin XCBuildConfiguration section */
		8449239F19C4DCF600DF8122 /* Debug */ = {
			isa = XCBuildConfiguration;
			buildSettings = {
				ALWAYS_SEARCH_USER_PATHS = NO;
				CLANG_CXX_LANGUAGE_STANDARD = "gnu++0x";
				CLANG_CXX_LIBRARY = "libc++";
				CLANG_ENABLE_MODULES = YES;
				CLANG_ENABLE_OBJC_ARC = YES;
				CLANG_WARN_BOOL_CONVERSION = YES;
				CLANG_WARN_CONSTANT_CONVERSION = YES;
				CLANG_WARN_DIRECT_OBJC_ISA_USAGE = YES_ERROR;
				CLANG_WARN_EMPTY_BODY = YES;
				CLANG_WARN_ENUM_CONVERSION = YES;
				CLANG_WARN_INT_CONVERSION = YES;
				CLANG_WARN_OBJC_ROOT_CLASS = YES_ERROR;
				CLANG_WARN_UNREACHABLE_CODE = YES;
				CLANG_WARN__DUPLICATE_METHOD_MATCH = YES;
				"CODE_SIGN_IDENTITY[sdk=iphoneos*]" = "iPhone Developer";
				COPY_PHASE_STRIP = NO;
				ENABLE_STRICT_OBJC_MSGSEND = YES;
				GCC_C_LANGUAGE_STANDARD = gnu99;
				GCC_DYNAMIC_NO_PIC = NO;
				GCC_OPTIMIZATION_LEVEL = 0;
				GCC_PREPROCESSOR_DEFINITIONS = (
					"DEBUG=1",
					"$(inherited)",
				);
				GCC_SYMBOLS_PRIVATE_EXTERN = NO;
				GCC_WARN_64_TO_32_BIT_CONVERSION = YES;
				GCC_WARN_ABOUT_RETURN_TYPE = YES_ERROR;
				GCC_WARN_UNDECLARED_SELECTOR = YES;
				GCC_WARN_UNINITIALIZED_AUTOS = YES_AGGRESSIVE;
				GCC_WARN_UNUSED_FUNCTION = YES;
				GCC_WARN_UNUSED_VARIABLE = YES;
				IPHONEOS_DEPLOYMENT_TARGET = 8.0;
				MTL_ENABLE_DEBUG_INFO = YES;
				ONLY_ACTIVE_ARCH = YES;
				SDKROOT = iphoneos;
				SWIFT_OPTIMIZATION_LEVEL = "-Onone";
			};
			name = Debug;
		};
		844923A019C4DCF600DF8122 /* Release */ = {
			isa = XCBuildConfiguration;
			buildSettings = {
				ALWAYS_SEARCH_USER_PATHS = NO;
				CLANG_CXX_LANGUAGE_STANDARD = "gnu++0x";
				CLANG_CXX_LIBRARY = "libc++";
				CLANG_ENABLE_MODULES = YES;
				CLANG_ENABLE_OBJC_ARC = YES;
				CLANG_WARN_BOOL_CONVERSION = YES;
				CLANG_WARN_CONSTANT_CONVERSION = YES;
				CLANG_WARN_DIRECT_OBJC_ISA_USAGE = YES_ERROR;
				CLANG_WARN_EMPTY_BODY = YES;
				CLANG_WARN_ENUM_CONVERSION = YES;
				CLANG_WARN_INT_CONVERSION = YES;
				CLANG_WARN_OBJC_ROOT_CLASS = YES_ERROR;
				CLANG_WARN_UNREACHABLE_CODE = YES;
				CLANG_WARN__DUPLICATE_METHOD_MATCH = YES;
				"CODE_SIGN_IDENTITY[sdk=iphoneos*]" = "iPhone Developer";
				COPY_PHASE_STRIP = YES;
				ENABLE_NS_ASSERTIONS = NO;
				ENABLE_STRICT_OBJC_MSGSEND = YES;
				GCC_C_LANGUAGE_STANDARD = gnu99;
				GCC_WARN_64_TO_32_BIT_CONVERSION = YES;
				GCC_WARN_ABOUT_RETURN_TYPE = YES_ERROR;
				GCC_WARN_UNDECLARED_SELECTOR = YES;
				GCC_WARN_UNINITIALIZED_AUTOS = YES_AGGRESSIVE;
				GCC_WARN_UNUSED_FUNCTION = YES;
				GCC_WARN_UNUSED_VARIABLE = YES;
				IPHONEOS_DEPLOYMENT_TARGET = 8.0;
				MTL_ENABLE_DEBUG_INFO = NO;
				SDKROOT = iphoneos;
				VALIDATE_PRODUCT = YES;
			};
			name = Release;
		};
		844923A219C4DCF600DF8122 /* Debug */ = {
			isa = XCBuildConfiguration;
			buildSettings = {
				ASSETCATALOG_COMPILER_APPICON_NAME = AppIcon;
				INFOPLIST_FILE = Postcard/Info.plist;
				LD_RUNPATH_SEARCH_PATHS = "$(inherited) @executable_path/Frameworks";
				PRODUCT_NAME = "$(TARGET_NAME)";
			};
			name = Debug;
		};
		844923A319C4DCF600DF8122 /* Release */ = {
			isa = XCBuildConfiguration;
			buildSettings = {
				ASSETCATALOG_COMPILER_APPICON_NAME = AppIcon;
				INFOPLIST_FILE = Postcard/Info.plist;
				LD_RUNPATH_SEARCH_PATHS = "$(inherited) @executable_path/Frameworks";
				PRODUCT_NAME = "$(TARGET_NAME)";
			};
			name = Release;
		};
		844923A519C4DCF600DF8122 /* Debug */ = {
			isa = XCBuildConfiguration;
			buildSettings = {
				BUNDLE_LOADER = "$(TEST_HOST)";
				FRAMEWORK_SEARCH_PATHS = (
					"$(SDKROOT)/Developer/Library/Frameworks",
					"$(inherited)",
				);
				GCC_PREPROCESSOR_DEFINITIONS = (
					"DEBUG=1",
					"$(inherited)",
				);
				INFOPLIST_FILE = PostcardTests/Info.plist;
				LD_RUNPATH_SEARCH_PATHS = "$(inherited) @executable_path/Frameworks @loader_path/Frameworks";
				PRODUCT_NAME = "$(TARGET_NAME)";
				TEST_HOST = "$(BUILT_PRODUCTS_DIR)/Postcard.app/Postcard";
			};
			name = Debug;
		};
		844923A619C4DCF600DF8122 /* Release */ = {
			isa = XCBuildConfiguration;
			buildSettings = {
				BUNDLE_LOADER = "$(TEST_HOST)";
				FRAMEWORK_SEARCH_PATHS = (
					"$(SDKROOT)/Developer/Library/Frameworks",
					"$(inherited)",
				);
				INFOPLIST_FILE = PostcardTests/Info.plist;
				LD_RUNPATH_SEARCH_PATHS = "$(inherited) @executable_path/Frameworks @loader_path/Frameworks";
				PRODUCT_NAME = "$(TARGET_NAME)";
				TEST_HOST = "$(BUILT_PRODUCTS_DIR)/Postcard.app/Postcard";
			};
			name = Release;
		};
/* End XCBuildConfiguration section */

/* Begin XCConfigurationList section */
		8449237D19C4DCF600DF8122 /* Build configuration list for PBXProject "Postcard" */ = {
			isa = XCConfigurationList;
			buildConfigurations = (
				8449239F19C4DCF600DF8122 /* Debug */,
				844923A019C4DCF600DF8122 /* Release */,
			);
			defaultConfigurationIsVisible = 0;
			defaultConfigurationName = Release;
		};
		844923A119C4DCF600DF8122 /* Build configuration list for PBXNativeTarget "Postcard" */ = {
			isa = XCConfigurationList;
			buildConfigurations = (
				844923A219C4DCF600DF8122 /* Debug */,
				844923A319C4DCF600DF8122 /* Release */,
			);
			defaultConfigurationIsVisible = 0;
			defaultConfigurationName = Release;
		};
		844923A419C4DCF600DF8122 /* Build configuration list for PBXNativeTarget "PostcardTests" */ = {
			isa = XCConfigurationList;
			buildConfigurations = (
				844923A519C4DCF600DF8122 /* Debug */,
				844923A619C4DCF600DF8122 /* Release */,
			);
			defaultConfigurationIsVisible = 0;
			defaultConfigurationName = Release;
		};
/* End XCConfigurationList section */
	};
	rootObject = 8449237A19C4DCF600DF8122 /* Project object */;
}
